
Microsoft Visual Studio Solution File, Format Version 12.00
# Visual Studio Version 17
VisualStudioVersion = 17.1.32414.318
MinimumVisualStudioVersion = 10.0.40219.1
Project("{FAE04EC0-301F-11D3-BF4B-00C04F79EFBC}") = "Autoplace.Identity", "Autoplace.Identity\Autoplace.Identity.csproj", "{7FB65027-407E-4CF3-AA48-9E91B46BA4BE}"
EndProject
Project("{FAE04EC0-301F-11D3-BF4B-00C04F79EFBC}") = "Autoplace.Administration", "Autoplace.Administration\Autoplace.Administration.csproj", "{A1AB190E-FD04-4C96-B687-8E95EB5BE907}"
EndProject
Project("{FAE04EC0-301F-11D3-BF4B-00C04F79EFBC}") = "Autoplace.Autoparts", "Autoplace.Autoparts\Autoplace.Autoparts.csproj", "{DA64D5B7-3CFF-4859-8A39-3137A161FF51}"
EndProject
Project("{FAE04EC0-301F-11D3-BF4B-00C04F79EFBC}") = "Autoplace.Users", "Autoplace.Users\Autoplace.Users.csproj", "{547B99BE-E227-46A4-880A-83E54ED50B09}"
EndProject
Global
	GlobalSection(SolutionConfigurationPlatforms) = preSolution
		Debug|Any CPU = Debug|Any CPU
		Release|Any CPU = Release|Any CPU
	EndGlobalSection
	GlobalSection(ProjectConfigurationPlatforms) = postSolution
		{7FB65027-407E-4CF3-AA48-9E91B46BA4BE}.Debug|Any CPU.ActiveCfg = Debug|Any CPU
		{7FB65027-407E-4CF3-AA48-9E91B46BA4BE}.Debug|Any CPU.Build.0 = Debug|Any CPU
		{7FB65027-407E-4CF3-AA48-9E91B46BA4BE}.Release|Any CPU.ActiveCfg = Release|Any CPU
		{7FB65027-407E-4CF3-AA48-9E91B46BA4BE}.Release|Any CPU.Build.0 = Release|Any CPU
		{A1AB190E-FD04-4C96-B687-8E95EB5BE907}.Debug|Any CPU.ActiveCfg = Debug|Any CPU
		{A1AB190E-FD04-4C96-B687-8E95EB5BE907}.Debug|Any CPU.Build.0 = Debug|Any CPU
		{A1AB190E-FD04-4C96-B687-8E95EB5BE907}.Release|Any CPU.ActiveCfg = Release|Any CPU
		{A1AB190E-FD04-4C96-B687-8E95EB5BE907}.Release|Any CPU.Build.0 = Release|Any CPU
		{DA64D5B7-3CFF-4859-8A39-3137A161FF51}.Debug|Any CPU.ActiveCfg = Debug|Any CPU
		{DA64D5B7-3CFF-4859-8A39-3137A161FF51}.Debug|Any CPU.Build.0 = Debug|Any CPU
		{DA64D5B7-3CFF-4859-8A39-3137A161FF51}.Release|Any CPU.ActiveCfg = Release|Any CPU
		{DA64D5B7-3CFF-4859-8A39-3137A161FF51}.Release|Any CPU.Build.0 = Release|Any CPU
		{547B99BE-E227-46A4-880A-83E54ED50B09}.Debug|Any CPU.ActiveCfg = Debug|Any CPU
		{547B99BE-E227-46A4-880A-83E54ED50B09}.Debug|Any CPU.Build.0 = Debug|Any CPU
		{547B99BE-E227-46A4-880A-83E54ED50B09}.Release|Any CPU.ActiveCfg = Release|Any CPU
		{547B99BE-E227-46A4-880A-83E54ED50B09}.Release|Any CPU.Build.0 = Release|Any CPU
	EndGlobalSection
	GlobalSection(SolutionProperties) = preSolution
		HideSolutionNode = FALSE
	EndGlobalSection
	GlobalSection(ExtensibilityGlobals) = postSolution
		SolutionGuid = {3FA57A1D-F57C-4BB4-AF39-DF7E73CD3315}
	EndGlobalSection
EndGlobal
